
Microsoft Visual Studio Solution File, Format Version 12.00
# Visual Studio Version 16
VisualStudioVersion = 16.0.33214.272
MinimumVisualStudioVersion = 10.0.40219.1
Project("{9A19103F-16F7-4668-BE54-9A1E7A4F7556}") = "Mission04_red328", "Mission04_red328\Mission04_red328.csproj", "{B6573250-7B4C-4936-919A-2040A791C671}"
EndProject
Global
	GlobalSection(SolutionConfigurationPlatforms) = preSolution
		Debug|Any CPU = Debug|Any CPU
		Release|Any CPU = Release|Any CPU
	EndGlobalSection
	GlobalSection(ProjectConfigurationPlatforms) = postSolution
		{B6573250-7B4C-4936-919A-2040A791C671}.Debug|Any CPU.ActiveCfg = Debug|Any CPU
		{B6573250-7B4C-4936-919A-2040A791C671}.Debug|Any CPU.Build.0 = Debug|Any CPU
		{B6573250-7B4C-4936-919A-2040A791C671}.Release|Any CPU.ActiveCfg = Release|Any CPU
		{B6573250-7B4C-4936-919A-2040A791C671}.Release|Any CPU.Build.0 = Release|Any CPU
	EndGlobalSection
	GlobalSection(SolutionProperties) = preSolution
		HideSolutionNode = FALSE
	EndGlobalSection
	GlobalSection(ExtensibilityGlobals) = postSolution
		SolutionGuid = {BF1AA345-29B3-4667-8521-25DE79467042}
	EndGlobalSection
EndGlobal
